// !$*UTF8*$!
{
	archiveVersion = 1;
	classes = {
	};
	objectVersion = 46;
	objects = {

/* Begin PBXBuildFile section */
		BAC522471EC513E100FC1AD2 /* AppDelegate.swift in Sources */ = {isa = PBXBuildFile; fileRef = BAC522461EC513E100FC1AD2 /* AppDelegate.swift */; };
		BAC522491EC513E100FC1AD2 /* ViewController.swift in Sources */ = {isa = PBXBuildFile; fileRef = BAC522481EC513E100FC1AD2 /* ViewController.swift */; };
		BAC5224C1EC513E100FC1AD2 /* Main.storyboard in Resources */ = {isa = PBXBuildFile; fileRef = BAC5224A1EC513E100FC1AD2 /* Main.storyboard */; };
		BAC5224E1EC513E100FC1AD2 /* Assets.xcassets in Resources */ = {isa = PBXBuildFile; fileRef = BAC5224D1EC513E100FC1AD2 /* Assets.xcassets */; };
		BAC522511EC513E100FC1AD2 /* LaunchScreen.storyboard in Resources */ = {isa = PBXBuildFile; fileRef = BAC5224F1EC513E100FC1AD2 /* LaunchScreen.storyboard */; };
		BAC5225C1EC513E200FC1AD2 /* PostcardTests.swift in Sources */ = {isa = PBXBuildFile; fileRef = BAC5225B1EC513E200FC1AD2 /* PostcardTests.swift */; };
		BAC522671EC513E200FC1AD2 /* PostcardUITests.swift in Sources */ = {isa = PBXBuildFile; fileRef = BAC522661EC513E200FC1AD2 /* PostcardUITests.swift */; };
		BAC522751EC5445500FC1AD2 /* artur-rutkowski-37502.jpg in Resources */ = {isa = PBXBuildFile; fileRef = BAC522741EC5445400FC1AD2 /* artur-rutkowski-37502.jpg */; };
		BAC522771EC5470700FC1AD2 /* reserve_profilePIC3.jpg in Resources */ = {isa = PBXBuildFile; fileRef = BAC522761EC5470700FC1AD2 /* reserve_profilePIC3.jpg */; };
/* End PBXBuildFile section */

/* Begin PBXContainerItemProxy section */
		BAC522581EC513E200FC1AD2 /* PBXContainerItemProxy */ = {
			isa = PBXContainerItemProxy;
			containerPortal = BAC5223B1EC513E100FC1AD2 /* Project object */;
			proxyType = 1;
			remoteGlobalIDString = BAC522421EC513E100FC1AD2;
			remoteInfo = Postcard;
		};
		BAC522631EC513E200FC1AD2 /* PBXContainerItemProxy */ = {
			isa = PBXContainerItemProxy;
			containerPortal = BAC5223B1EC513E100FC1AD2 /* Project object */;
			proxyType = 1;
			remoteGlobalIDString = BAC522421EC513E100FC1AD2;
			remoteInfo = Postcard;
		};
/* End PBXContainerItemProxy section */

/* Begin PBXFileReference section */
		BAC522431EC513E100FC1AD2 /* Postcard.app */ = {isa = PBXFileReference; explicitFileType = wrapper.application; includeInIndex = 0; path = Postcard.app; sourceTree = BUILT_PRODUCTS_DIR; };
		BAC522461EC513E100FC1AD2 /* AppDelegate.swift */ = {isa = PBXFileReference; lastKnownFileType = sourcecode.swift; path = AppDelegate.swift; sourceTree = "<group>"; };
		BAC522481EC513E100FC1AD2 /* ViewController.swift */ = {isa = PBXFileReference; lastKnownFileType = sourcecode.swift; path = ViewController.swift; sourceTree = "<group>"; };
		BAC5224B1EC513E100FC1AD2 /* Base */ = {isa = PBXFileReference; lastKnownFileType = file.storyboard; name = Base; path = Base.lproj/Main.storyboard; sourceTree = "<group>"; };
		BAC5224D1EC513E100FC1AD2 /* Assets.xcassets */ = {isa = PBXFileReference; lastKnownFileType = folder.assetcatalog; path = Assets.xcassets; sourceTree = "<group>"; };
		BAC522501EC513E100FC1AD2 /* Base */ = {isa = PBXFileReference; lastKnownFileType = file.storyboard; name = Base; path = Base.lproj/LaunchScreen.storyboard; sourceTree = "<group>"; };
		BAC522521EC513E100FC1AD2 /* Info.plist */ = {isa = PBXFileReference; lastKnownFileType = text.plist.xml; path = Info.plist; sourceTree = "<group>"; };
		BAC522571EC513E200FC1AD2 /* PostcardTests.xctest */ = {isa = PBXFileReference; explicitFileType = wrapper.cfbundle; includeInIndex = 0; path = PostcardTests.xctest; sourceTree = BUILT_PRODUCTS_DIR; };
		BAC5225B1EC513E200FC1AD2 /* PostcardTests.swift */ = {isa = PBXFileReference; lastKnownFileType = sourcecode.swift; path = PostcardTests.swift; sourceTree = "<group>"; };
		BAC5225D1EC513E200FC1AD2 /* Info.plist */ = {isa = PBXFileReference; lastKnownFileType = text.plist.xml; path = Info.plist; sourceTree = "<group>"; };
		BAC522621EC513E200FC1AD2 /* PostcardUITests.xctest */ = {isa = PBXFileReference; explicitFileType = wrapper.cfbundle; includeInIndex = 0; path = PostcardUITests.xctest; sourceTree = BUILT_PRODUCTS_DIR; };
		BAC522661EC513E200FC1AD2 /* PostcardUITests.swift */ = {isa = PBXFileReference; lastKnownFileType = sourcecode.swift; path = PostcardUITests.swift; sourceTree = "<group>"; };
		BAC522681EC513E200FC1AD2 /* Info.plist */ = {isa = PBXFileReference; lastKnownFileType = text.plist.xml; path = Info.plist; sourceTree = "<group>"; };
		BAC522741EC5445400FC1AD2 /* artur-rutkowski-37502.jpg */ = {isa = PBXFileReference; lastKnownFileType = image.jpeg; path = "artur-rutkowski-37502.jpg"; sourceTree = "<group>"; };
		BAC522761EC5470700FC1AD2 /* reserve_profilePIC3.jpg */ = {isa = PBXFileReference; lastKnownFileType = image.jpeg; path = reserve_profilePIC3.jpg; sourceTree = "<group>"; };
/* End PBXFileReference section */

/* Begin PBXFrameworksBuildPhase section */
		BAC522401EC513E100FC1AD2 /* Frameworks */ = {
			isa = PBXFrameworksBuildPhase;
			buildActionMask = 2147483647;
			files = (
			);
			runOnlyForDeploymentPostprocessing = 0;
		};
		BAC522541EC513E200FC1AD2 /* Frameworks */ = {
			isa = PBXFrameworksBuildPhase;
			buildActionMask = 2147483647;
			files = (
			);
			runOnlyForDeploymentPostprocessing = 0;
		};
		BAC5225F1EC513E200FC1AD2 /* Frameworks */ = {
			isa = PBXFrameworksBuildPhase;
			buildActionMask = 2147483647;
			files = (
			);
			runOnlyForDeploymentPostprocessing = 0;
		};
/* End PBXFrameworksBuildPhase section */

/* Begin PBXGroup section */
		BAC5223A1EC513E100FC1AD2 = {
			isa = PBXGroup;
			children = (
				BAC522451EC513E100FC1AD2 /* Postcard */,
				BAC5225A1EC513E200FC1AD2 /* PostcardTests */,
				BAC522651EC513E200FC1AD2 /* PostcardUITests */,
				BAC522441EC513E100FC1AD2 /* Products */,
			);
			sourceTree = "<group>";
		};
		BAC522441EC513E100FC1AD2 /* Products */ = {
			isa = PBXGroup;
			children = (
				BAC522431EC513E100FC1AD2 /* Postcard.app */,
				BAC522571EC513E200FC1AD2 /* PostcardTests.xctest */,
				BAC522621EC513E200FC1AD2 /* PostcardUITests.xctest */,
			);
			name = Products;
			sourceTree = "<group>";
		};
		BAC522451EC513E100FC1AD2 /* Postcard */ = {
			isa = PBXGroup;
			children = (
				BAC522461EC513E100FC1AD2 /* AppDelegate.swift */,
				BAC522481EC513E100FC1AD2 /* ViewController.swift */,
				BAC5224A1EC513E100FC1AD2 /* Main.storyboard */,
				BAC5224D1EC513E100FC1AD2 /* Assets.xcassets */,
				BAC522761EC5470700FC1AD2 /* reserve_profilePIC3.jpg */,
				BAC522741EC5445400FC1AD2 /* artur-rutkowski-37502.jpg */,
				BAC5224F1EC513E100FC1AD2 /* LaunchScreen.storyboard */,
				BAC522521EC513E100FC1AD2 /* Info.plist */,
			);
			path = Postcard;
			sourceTree = "<group>";
		};
		BAC5225A1EC513E200FC1AD2 /* PostcardTests */ = {
			isa = PBXGroup;
			children = (
				BAC5225B1EC513E200FC1AD2 /* PostcardTests.swift */,
				BAC5225D1EC513E200FC1AD2 /* Info.plist */,
			);
			path = PostcardTests;
			sourceTree = "<group>";
		};
		BAC522651EC513E200FC1AD2 /* PostcardUITests */ = {
			isa = PBXGroup;
			children = (
				BAC522661EC513E200FC1AD2 /* PostcardUITests.swift */,
				BAC522681EC513E200FC1AD2 /* Info.plist */,
			);
			path = PostcardUITests;
			sourceTree = "<group>";
		};
/* End PBXGroup section */

/* Begin PBXNativeTarget section */
		BAC522421EC513E100FC1AD2 /* Postcard */ = {
			isa = PBXNativeTarget;
			buildConfigurationList = BAC5226B1EC513E200FC1AD2 /* Build configuration list for PBXNativeTarget "Postcard" */;
			buildPhases = (
				BAC5223F1EC513E100FC1AD2 /* Sources */,
				BAC522401EC513E100FC1AD2 /* Frameworks */,
				BAC522411EC513E100FC1AD2 /* Resources */,
			);
			buildRules = (
			);
			dependencies = (
			);
			name = Postcard;
			productName = Postcard;
			productReference = BAC522431EC513E100FC1AD2 /* Postcard.app */;
			productType = "com.apple.product-type.application";
		};
		BAC522561EC513E200FC1AD2 /* PostcardTests */ = {
			isa = PBXNativeTarget;
			buildConfigurationList = BAC5226E1EC513E200FC1AD2 /* Build configuration list for PBXNativeTarget "PostcardTests" */;
			buildPhases = (
				BAC522531EC513E200FC1AD2 /* Sources */,
				BAC522541EC513E200FC1AD2 /* Frameworks */,
				BAC522551EC513E200FC1AD2 /* Resources */,
			);
			buildRules = (
			);
			dependencies = (
				BAC522591EC513E200FC1AD2 /* PBXTargetDependency */,
			);
			name = PostcardTests;
			productName = PostcardTests;
			productReference = BAC522571EC513E200FC1AD2 /* PostcardTests.xctest */;
			productType = "com.apple.product-type.bundle.unit-test";
		};
		BAC522611EC513E200FC1AD2 /* PostcardUITests */ = {
			isa = PBXNativeTarget;
			buildConfigurationList = BAC522711EC513E200FC1AD2 /* Build configuration list for PBXNativeTarget "PostcardUITests" */;
			buildPhases = (
				BAC5225E1EC513E200FC1AD2 /* Sources */,
				BAC5225F1EC513E200FC1AD2 /* Frameworks */,
				BAC522601EC513E200FC1AD2 /* Resources */,
			);
			buildRules = (
			);
			dependencies = (
				BAC522641EC513E200FC1AD2 /* PBXTargetDependency */,
			);
			name = PostcardUITests;
			productName = PostcardUITests;
			productReference = BAC522621EC513E200FC1AD2 /* PostcardUITests.xctest */;
			productType = "com.apple.product-type.bundle.ui-testing";
		};
/* End PBXNativeTarget section */

/* Begin PBXProject section */
		BAC5223B1EC513E100FC1AD2 /* Project object */ = {
			isa = PBXProject;
			attributes = {
				LastSwiftUpdateCheck = 0830;
				LastUpgradeCheck = 0830;
				ORGANIZATIONNAME = EMAS;
				TargetAttributes = {
					BAC522421EC513E100FC1AD2 = {
						CreatedOnToolsVersion = 8.3.2;
						ProvisioningStyle = Automatic;
					};
					BAC522561EC513E200FC1AD2 = {
						CreatedOnToolsVersion = 8.3.2;
						ProvisioningStyle = Automatic;
						TestTargetID = BAC522421EC513E100FC1AD2;
					};
					BAC522611EC513E200FC1AD2 = {
						CreatedOnToolsVersion = 8.3.2;
						ProvisioningStyle = Automatic;
						TestTargetID = BAC522421EC513E100FC1AD2;
					};
				};
			};
			buildConfigurationList = BAC5223E1EC513E100FC1AD2 /* Build configuration list for PBXProject "Postcard" */;
			compatibilityVersion = "Xcode 3.2";
			developmentRegion = English;
			hasScannedForEncodings = 0;
			knownRegions = (
				en,
				Base,
			);
			mainGroup = BAC5223A1EC513E100FC1AD2;
			productRefGroup = BAC522441EC513E100FC1AD2 /* Products */;
			projectDirPath = "";
			projectRoot = "";
			targets = (
				BAC522421EC513E100FC1AD2 /* Postcard */,
				BAC522561EC513E200FC1AD2 /* PostcardTests */,
				BAC522611EC513E200FC1AD2 /* PostcardUITests */,
			);
		};
/* End PBXProject section */

/* Begin PBXResourcesBuildPhase section */
		BAC522411EC513E100FC1AD2 /* Resources */ = {
			isa = PBXResourcesBuildPhase;
			buildActionMask = 2147483647;
			files = (
				BAC522751EC5445500FC1AD2 /* artur-rutkowski-37502.jpg in Resources */,
				BAC522511EC513E100FC1AD2 /* LaunchScreen.storyboard in Resources */,
				BAC522771EC5470700FC1AD2 /* reserve_profilePIC3.jpg in Resources */,
				BAC5224E1EC513E100FC1AD2 /* Assets.xcassets in Resources */,
				BAC5224C1EC513E100FC1AD2 /* Main.storyboard in Resources */,
			);
			runOnlyForDeploymentPostprocessing = 0;
		};
		BAC522551EC513E200FC1AD2 /* Resources */ = {
			isa = PBXResourcesBuildPhase;
			buildActionMask = 2147483647;
			files = (
			);
			runOnlyForDeploymentPostprocessing = 0;
		};
		BAC522601EC513E200FC1AD2 /* Resources */ = {
			isa = PBXResourcesBuildPhase;
			buildActionMask = 2147483647;
			files = (
			);
			runOnlyForDeploymentPostprocessing = 0;
		};
/* End PBXResourcesBuildPhase section */

/* Begin PBXSourcesBuildPhase section */
		BAC5223F1EC513E100FC1AD2 /* Sources */ = {
			isa = PBXSourcesBuildPhase;
			buildActionMask = 2147483647;
			files = (
				BAC522491EC513E100FC1AD2 /* ViewController.swift in Sources */,
				BAC522471EC513E100FC1AD2 /* AppDelegate.swift in Sources */,
			);
			runOnlyForDeploymentPostprocessing = 0;
		};
		BAC522531EC513E200FC1AD2 /* Sources */ = {
			isa = PBXSourcesBuildPhase;
			buildActionMask = 2147483647;
			files = (
				BAC5225C1EC513E200FC1AD2 /* PostcardTests.swift in Sources */,
			);
			runOnlyForDeploymentPostprocessing = 0;
		};
		BAC5225E1EC513E200FC1AD2 /* Sources */ = {
			isa = PBXSourcesBuildPhase;
			buildActionMask = 2147483647;
			files = (
				BAC522671EC513E200FC1AD2 /* PostcardUITests.swift in Sources */,
			);
			runOnlyForDeploymentPostprocessing = 0;
		};
/* End PBXSourcesBuildPhase section */

/* Begin PBXTargetDependency section */
		BAC522591EC513E200FC1AD2 /* PBXTargetDependency */ = {
			isa = PBXTargetDependency;
			target = BAC522421EC513E100FC1AD2 /* Postcard */;
			targetProxy = BAC522581EC513E200FC1AD2 /* PBXContainerItemProxy */;
		};
		BAC522641EC513E200FC1AD2 /* PBXTargetDependency */ = {
			isa = PBXTargetDependency;
			target = BAC522421EC513E100FC1AD2 /* Postcard */;
			targetProxy = BAC522631EC513E200FC1AD2 /* PBXContainerItemProxy */;
		};
/* End PBXTargetDependency section */

/* Begin PBXVariantGroup section */
		BAC5224A1EC513E100FC1AD2 /* Main.storyboard */ = {
			isa = PBXVariantGroup;
			children = (
				BAC5224B1EC513E100FC1AD2 /* Base */,
			);
			name = Main.storyboard;
			sourceTree = "<group>";
		};
		BAC5224F1EC513E100FC1AD2 /* LaunchScreen.storyboard */ = {
			isa = PBXVariantGroup;
			children = (
				BAC522501EC513E100FC1AD2 /* Base */,
			);
			name = LaunchScreen.storyboard;
			sourceTree = "<group>";
		};
/* End PBXVariantGroup section */

/* Begin XCBuildConfiguration section */
		BAC522691EC513E200FC1AD2 /* Debug */ = {
			isa = XCBuildConfiguration;
			buildSettings = {
				ALWAYS_SEARCH_USER_PATHS = NO;
				CLANG_ANALYZER_NONNULL = YES;
				CLANG_ANALYZER_NUMBER_OBJECT_CONVERSION = YES_AGGRESSIVE;
				CLANG_CXX_LANGUAGE_STANDARD = "gnu++0x";
				CLANG_CXX_LIBRARY = "libc++";
				CLANG_ENABLE_MODULES = YES;
				CLANG_ENABLE_OBJC_ARC = YES;
				CLANG_WARN_BOOL_CONVERSION = YES;
				CLANG_WARN_CONSTANT_CONVERSION = YES;
				CLANG_WARN_DIRECT_OBJC_ISA_USAGE = YES_ERROR;
				CLANG_WARN_DOCUMENTATION_COMMENTS = YES;
				CLANG_WARN_EMPTY_BODY = YES;
				CLANG_WARN_ENUM_CONVERSION = YES;
				CLANG_WARN_INFINITE_RECURSION = YES;
				CLANG_WARN_INT_CONVERSION = YES;
				CLANG_WARN_OBJC_ROOT_CLASS = YES_ERROR;
				CLANG_WARN_SUSPICIOUS_MOVE = YES;
				CLANG_WARN_UNREACHABLE_CODE = YES;
				CLANG_WARN__DUPLICATE_METHOD_MATCH = YES;
				"CODE_SIGN_IDENTITY[sdk=iphoneos*]" = "iPhone Developer";
				COPY_PHASE_STRIP = NO;
				DEBUG_INFORMATION_FORMAT = dwarf;
				ENABLE_STRICT_OBJC_MSGSEND = YES;
				ENABLE_TESTABILITY = YES;
				GCC_C_LANGUAGE_STANDARD = gnu99;
				GCC_DYNAMIC_NO_PIC = NO;
				GCC_NO_COMMON_BLOCKS = YES;
				GCC_OPTIMIZATION_LEVEL = 0;
				GCC_PREPROCESSOR_DEFINITIONS = (
					"DEBUG=1",
					"$(inherited)",
				);
				GCC_WARN_64_TO_32_BIT_CONVERSION = YES;
				GCC_WARN_ABOUT_RETURN_TYPE = YES_ERROR;
				GCC_WARN_UNDECLARED_SELECTOR = YES;
				GCC_WARN_UNINITIALIZED_AUTOS = YES_AGGRESSIVE;
				GCC_WARN_UNUSED_FUNCTION = YES;
				GCC_WARN_UNUSED_VARIABLE = YES;
				IPHONEOS_DEPLOYMENT_TARGET = 10.3;
				MTL_ENABLE_DEBUG_INFO = YES;
				ONLY_ACTIVE_ARCH = YES;
				SDKROOT = iphoneos;
				SWIFT_ACTIVE_COMPILATION_CONDITIONS = DEBUG;
				SWIFT_OPTIMIZATION_LEVEL = "-Onone";
				TARGETED_DEVICE_FAMILY = "1,2";
			};
			name = Debug;
		};
		BAC5226A1EC513E200FC1AD2 /* Release */ = {
			isa = XCBuildConfiguration;
			buildSettings = {
				ALWAYS_SEARCH_USER_PATHS = NO;
				CLANG_ANALYZER_NONNULL = YES;
				CLANG_ANALYZER_NUMBER_OBJECT_CONVERSION = YES_AGGRESSIVE;
				CLANG_CXX_LANGUAGE_STANDARD = "gnu++0x";
				CLANG_CXX_LIBRARY = "libc++";
				CLANG_ENABLE_MODULES = YES;
				CLANG_ENABLE_OBJC_ARC = YES;
				CLANG_WARN_BOOL_CONVERSION = YES;
				CLANG_WARN_CONSTANT_CONVERSION = YES;
				CLANG_WARN_DIRECT_OBJC_ISA_USAGE = YES_ERROR;
				CLANG_WARN_DOCUMENTATION_COMMENTS = YES;
				CLANG_WARN_EMPTY_BODY = YES;
				CLANG_WARN_ENUM_CONVERSION = YES;
				CLANG_WARN_INFINITE_RECURSION = YES;
				CLANG_WARN_INT_CONVERSION = YES;
				CLANG_WARN_OBJC_ROOT_CLASS = YES_ERROR;
				CLANG_WARN_SUSPICIOUS_MOVE = YES;
				CLANG_WARN_UNREACHABLE_CODE = YES;
				CLANG_WARN__DUPLICATE_METHOD_MATCH = YES;
				"CODE_SIGN_IDENTITY[sdk=iphoneos*]" = "iPhone Developer";
				COPY_PHASE_STRIP = NO;
				DEBUG_INFORMATION_FORMAT = "dwarf-with-dsym";
				ENABLE_NS_ASSERTIONS = NO;
				ENABLE_STRICT_OBJC_MSGSEND = YES;
				GCC_C_LANGUAGE_STANDARD = gnu99;
				GCC_NO_COMMON_BLOCKS = YES;
				GCC_WARN_64_TO_32_BIT_CONVERSION = YES;
				GCC_WARN_ABOUT_RETURN_TYPE = YES_ERROR;
				GCC_WARN_UNDECLARED_SELECTOR = YES;
				GCC_WARN_UNINITIALIZED_AUTOS = YES_AGGRESSIVE;
				GCC_WARN_UNUSED_FUNCTION = YES;
				GCC_WARN_UNUSED_VARIABLE = YES;
				IPHONEOS_DEPLOYMENT_TARGET = 10.3;
				MTL_ENABLE_DEBUG_INFO = NO;
				SDKROOT = iphoneos;
				SWIFT_OPTIMIZATION_LEVEL = "-Owholemodule";
				TARGETED_DEVICE_FAMILY = "1,2";
				VALIDATE_PRODUCT = YES;
			};
			name = Release;
		};
		BAC5226C1EC513E200FC1AD2 /* Debug */ = {
			isa = XCBuildConfiguration;
			buildSettings = {
				ASSETCATALOG_COMPILER_APPICON_NAME = AppIcon;
				INFOPLIST_FILE = Postcard/Info.plist;
				LD_RUNPATH_SEARCH_PATHS = "$(inherited) @executable_path/Frameworks";
				PRODUCT_BUNDLE_IDENTIFIER = LunchPad.Postcard;
				PRODUCT_NAME = "$(TARGET_NAME)";
				SWIFT_VERSION = 3.0;
			};
			name = Debug;
		};
		BAC5226D1EC513E200FC1AD2 /* Release */ = {
			isa = XCBuildConfiguration;
			buildSettings = {
				ASSETCATALOG_COMPILER_APPICON_NAME = AppIcon;
				INFOPLIST_FILE = Postcard/Info.plist;
				LD_RUNPATH_SEARCH_PATHS = "$(inherited) @executable_path/Frameworks";
				PRODUCT_BUNDLE_IDENTIFIER = LunchPad.Postcard;
				PRODUCT_NAME = "$(TARGET_NAME)";
				SWIFT_VERSION = 3.0;
			};
			name = Release;
		};
		BAC5226F1EC513E200FC1AD2 /* Debug */ = {
			isa = XCBuildConfiguration;
			buildSettings = {
				ALWAYS_EMBED_SWIFT_STANDARD_LIBRARIES = YES;
				BUNDLE_LOADER = "$(TEST_HOST)";
				INFOPLIST_FILE = PostcardTests/Info.plist;
				LD_RUNPATH_SEARCH_PATHS = "$(inherited) @executable_path/Frameworks @loader_path/Frameworks";
				PRODUCT_BUNDLE_IDENTIFIER = LunchPad.PostcardTests;
				PRODUCT_NAME = "$(TARGET_NAME)";
				SWIFT_VERSION = 3.0;
				TEST_HOST = "$(BUILT_PRODUCTS_DIR)/Postcard.app/Postcard";
			};
			name = Debug;
		};
		BAC522701EC513E200FC1AD2 /* Release */ = {
			isa = XCBuildConfiguration;
			buildSettings = {
				ALWAYS_EMBED_SWIFT_STANDARD_LIBRARIES = YES;
				BUNDLE_LOADER = "$(TEST_HOST)";
				INFOPLIST_FILE = PostcardTests/Info.plist;
				LD_RUNPATH_SEARCH_PATHS = "$(inherited) @executable_path/Frameworks @loader_path/Frameworks";
				PRODUCT_BUNDLE_IDENTIFIER = LunchPad.PostcardTests;
				PRODUCT_NAME = "$(TARGET_NAME)";
				SWIFT_VERSION = 3.0;
				TEST_HOST = "$(BUILT_PRODUCTS_DIR)/Postcard.app/Postcard";
			};
			name = Release;
		};
		BAC522721EC513E200FC1AD2 /* Debug */ = {
			isa = XCBuildConfiguration;
			buildSettings = {
				ALWAYS_EMBED_SWIFT_STANDARD_LIBRARIES = YES;
				INFOPLIST_FILE = PostcardUITests/Info.plist;
				LD_RUNPATH_SEARCH_PATHS = "$(inherited) @executable_path/Frameworks @loader_path/Frameworks";
				PRODUCT_BUNDLE_IDENTIFIER = LunchPad.PostcardUITests;
				PRODUCT_NAME = "$(TARGET_NAME)";
				SWIFT_VERSION = 3.0;
				TEST_TARGET_NAME = Postcard;
			};
			name = Debug;
		};
		BAC522731EC513E200FC1AD2 /* Release */ = {
			isa = XCBuildConfiguration;
			buildSettings = {
				ALWAYS_EMBED_SWIFT_STANDARD_LIBRARIES = YES;
				INFOPLIST_FILE = PostcardUITests/Info.plist;
				LD_RUNPATH_SEARCH_PATHS = "$(inherited) @executable_path/Frameworks @loader_path/Frameworks";
				PRODUCT_BUNDLE_IDENTIFIER = LunchPad.PostcardUITests;
				PRODUCT_NAME = "$(TARGET_NAME)";
				SWIFT_VERSION = 3.0;
				TEST_TARGET_NAME = Postcard;
			};
			name = Release;
		};
/* End XCBuildConfiguration section */

/* Begin XCConfigurationList section */
		BAC5223E1EC513E100FC1AD2 /* Build configuration list for PBXProject "Postcard" */ = {
			isa = XCConfigurationList;
			buildConfigurations = (
				BAC522691EC513E200FC1AD2 /* Debug */,
				BAC5226A1EC513E200FC1AD2 /* Release */,
			);
			defaultConfigurationIsVisible = 0;
			defaultConfigurationName = Release;
		};
		BAC5226B1EC513E200FC1AD2 /* Build configuration list for PBXNativeTarget "Postcard" */ = {
			isa = XCConfigurationList;
			buildConfigurations = (
				BAC5226C1EC513E200FC1AD2 /* Debug */,
				BAC5226D1EC513E200FC1AD2 /* Release */,
			);
			defaultConfigurationIsVisible = 0;
		};
		BAC5226E1EC513E200FC1AD2 /* Build configuration list for PBXNativeTarget "PostcardTests" */ = {
			isa = XCConfigurationList;
			buildConfigurations = (
				BAC5226F1EC513E200FC1AD2 /* Debug */,
				BAC522701EC513E200FC1AD2 /* Release */,
			);
			defaultConfigurationIsVisible = 0;
		};
		BAC522711EC513E200FC1AD2 /* Build configuration list for PBXNativeTarget "PostcardUITests" */ = {
			isa = XCConfigurationList;
			buildConfigurations = (
				BAC522721EC513E200FC1AD2 /* Debug */,
				BAC522731EC513E200FC1AD2 /* Release */,
			);
			defaultConfigurationIsVisible = 0;
		};
/* End XCConfigurationList section */
	};
	rootObject = BAC5223B1EC513E100FC1AD2 /* Project object */;
}
